
Microsoft Visual Studio Solution File, Format Version 12.00
# Visual Studio Version 16
VisualStudioVersion = 16.0.28803.916
MinimumVisualStudioVersion = 10.0.40219.1
Project("{FAE04EC0-301F-11D3-BF4B-00C04F79EFBC}") = "ReverseString", "ReverseString\ReverseString.csproj", "{7BD2CF08-2BBE-4BFA-8F35-43B8CA79612D}"
EndProject
Global
	GlobalSection(SolutionConfigurationPlatforms) = preSolution
		Debug|Any CPU = Debug|Any CPU
		Release|Any CPU = Release|Any CPU
	EndGlobalSection
	GlobalSection(ProjectConfigurationPlatforms) = postSolution
		{7BD2CF08-2BBE-4BFA-8F35-43B8CA79612D}.Debug|Any CPU.ActiveCfg = Debug|Any CPU
		{7BD2CF08-2BBE-4BFA-8F35-43B8CA79612D}.Debug|Any CPU.Build.0 = Debug|Any CPU
		{7BD2CF08-2BBE-4BFA-8F35-43B8CA79612D}.Release|Any CPU.ActiveCfg = Release|Any CPU
		{7BD2CF08-2BBE-4BFA-8F35-43B8CA79612D}.Release|Any CPU.Build.0 = Release|Any CPU
	EndGlobalSection
	GlobalSection(SolutionProperties) = preSolution
		HideSolutionNode = FALSE
	EndGlobalSection
	GlobalSection(ExtensibilityGlobals) = postSolution
		SolutionGuid = {D965C52A-2C97-4208-AACC-F6A18754A459}
	EndGlobalSection
EndGlobal
